// !$*UTF8*$!
{
	archiveVersion = 1;
	classes = {
	};
	objectVersion = 46;
	objects = {

/* Begin PBXBuildFile section */
		7E9880391AEEC730004059F4 /* PullRequest.swift in Sources */ = {isa = PBXBuildFile; fileRef = 7E9880381AEEC730004059F4 /* PullRequest.swift */; };
		7E98803B1AEECB72004059F4 /* CoreData.framework in Frameworks */ = {isa = PBXBuildFile; fileRef = 7E98803A1AEECB72004059F4 /* CoreData.framework */; };
		7E9880401AEECF4C004059F4 /* PullRequestManager.swift in Sources */ = {isa = PBXBuildFile; fileRef = 7E98803F1AEECF4C004059F4 /* PullRequestManager.swift */; };
		7EBA3CCC1AEEB324002A1E2B /* GitHubManager.swift in Sources */ = {isa = PBXBuildFile; fileRef = 7EBA3CCB1AEEB324002A1E2B /* GitHubManager.swift */; };
		7ECF804D1AF1551500F02D73 /* Repository.swift in Sources */ = {isa = PBXBuildFile; fileRef = 7ECF804C1AF1551500F02D73 /* Repository.swift */; };
		7ECF804F1AF1598000F02D73 /* Label.swift in Sources */ = {isa = PBXBuildFile; fileRef = 7ECF804E1AF1598000F02D73 /* Label.swift */; };
		7ECF80511AF161A600F02D73 /* RepositoryManager.swift in Sources */ = {isa = PBXBuildFile; fileRef = 7ECF80501AF161A600F02D73 /* RepositoryManager.swift */; };
		CA4F31641AF159A8005414EF /* RepositoriesTableViewCell.swift in Sources */ = {isa = PBXBuildFile; fileRef = CA4F31631AF159A8005414EF /* RepositoriesTableViewCell.swift */; };
		CAFECF001AEEA61500600ED1 /* AppDelegate.swift in Sources */ = {isa = PBXBuildFile; fileRef = CAFECEFF1AEEA61500600ED1 /* AppDelegate.swift */; };
		CAFECF031AEEA61500600ED1 /* MackHub.xcdatamodeld in Sources */ = {isa = PBXBuildFile; fileRef = CAFECF011AEEA61500600ED1 /* MackHub.xcdatamodeld */; };
		CAFECF051AEEA61500600ED1 /* LoginViewController.swift in Sources */ = {isa = PBXBuildFile; fileRef = CAFECF041AEEA61500600ED1 /* LoginViewController.swift */; };
		CAFECF081AEEA61500600ED1 /* Main.storyboard in Resources */ = {isa = PBXBuildFile; fileRef = CAFECF061AEEA61500600ED1 /* Main.storyboard */; };
		CAFECF0A1AEEA61500600ED1 /* Images.xcassets in Resources */ = {isa = PBXBuildFile; fileRef = CAFECF091AEEA61500600ED1 /* Images.xcassets */; };
		CAFECF0D1AEEA61500600ED1 /* LaunchScreen.xib in Resources */ = {isa = PBXBuildFile; fileRef = CAFECF0B1AEEA61500600ED1 /* LaunchScreen.xib */; };
		CAFECF191AEEA61500600ED1 /* MackHubTests.swift in Sources */ = {isa = PBXBuildFile; fileRef = CAFECF181AEEA61500600ED1 /* MackHubTests.swift */; };
		CAFECF2B1AEEC1FA00600ED1 /* RepositoriesTableViewController.swift in Sources */ = {isa = PBXBuildFile; fileRef = CAFECF2A1AEEC1FA00600ED1 /* RepositoriesTableViewController.swift */; };
		D575409A1AF2B350003FCA42 /* LabelManager.swift in Sources */ = {isa = PBXBuildFile; fileRef = D57540991AF2B350003FCA42 /* LabelManager.swift */; };
		D5785E7A1AF265B70043EDE3 /* LabelsViewController.swift in Sources */ = {isa = PBXBuildFile; fileRef = D5785E791AF265B70043EDE3 /* LabelsViewController.swift */; };
/* End PBXBuildFile section */

/* Begin PBXContainerItemProxy section */
		CAFECF131AEEA61500600ED1 /* PBXContainerItemProxy */ = {
			isa = PBXContainerItemProxy;
			containerPortal = CAFECEF21AEEA61500600ED1 /* Project object */;
			proxyType = 1;
			remoteGlobalIDString = CAFECEF91AEEA61500600ED1;
			remoteInfo = MackHub;
		};
/* End PBXContainerItemProxy section */

/* Begin PBXFileReference section */
		7E9880381AEEC730004059F4 /* PullRequest.swift */ = {isa = PBXFileReference; fileEncoding = 4; lastKnownFileType = sourcecode.swift; path = PullRequest.swift; sourceTree = "<group>"; };
		7E98803A1AEECB72004059F4 /* CoreData.framework */ = {isa = PBXFileReference; lastKnownFileType = wrapper.framework; name = CoreData.framework; path = System/Library/Frameworks/CoreData.framework; sourceTree = SDKROOT; };
		7E98803F1AEECF4C004059F4 /* PullRequestManager.swift */ = {isa = PBXFileReference; fileEncoding = 4; lastKnownFileType = sourcecode.swift; path = PullRequestManager.swift; sourceTree = "<group>"; };
		7EBA3CCB1AEEB324002A1E2B /* GitHubManager.swift */ = {isa = PBXFileReference; fileEncoding = 4; lastKnownFileType = sourcecode.swift; path = GitHubManager.swift; sourceTree = "<group>"; };
		7ECF804C1AF1551500F02D73 /* Repository.swift */ = {isa = PBXFileReference; fileEncoding = 4; lastKnownFileType = sourcecode.swift; path = Repository.swift; sourceTree = "<group>"; };
		7ECF804E1AF1598000F02D73 /* Label.swift */ = {isa = PBXFileReference; fileEncoding = 4; lastKnownFileType = sourcecode.swift; path = Label.swift; sourceTree = "<group>"; };
		7ECF80501AF161A600F02D73 /* RepositoryManager.swift */ = {isa = PBXFileReference; fileEncoding = 4; lastKnownFileType = sourcecode.swift; path = RepositoryManager.swift; sourceTree = "<group>"; };
		CA4F31631AF159A8005414EF /* RepositoriesTableViewCell.swift */ = {isa = PBXFileReference; fileEncoding = 4; lastKnownFileType = sourcecode.swift; path = RepositoriesTableViewCell.swift; sourceTree = "<group>"; };
		CAFECEFA1AEEA61500600ED1 /* MackHub.app */ = {isa = PBXFileReference; explicitFileType = wrapper.application; includeInIndex = 0; path = MackHub.app; sourceTree = BUILT_PRODUCTS_DIR; };
		CAFECEFE1AEEA61500600ED1 /* Info.plist */ = {isa = PBXFileReference; lastKnownFileType = text.plist.xml; path = Info.plist; sourceTree = "<group>"; };
		CAFECEFF1AEEA61500600ED1 /* AppDelegate.swift */ = {isa = PBXFileReference; lastKnownFileType = sourcecode.swift; path = AppDelegate.swift; sourceTree = "<group>"; };
		CAFECF021AEEA61500600ED1 /* MackHub.xcdatamodel */ = {isa = PBXFileReference; lastKnownFileType = wrapper.xcdatamodel; path = MackHub.xcdatamodel; sourceTree = "<group>"; };
		CAFECF041AEEA61500600ED1 /* LoginViewController.swift */ = {isa = PBXFileReference; lastKnownFileType = sourcecode.swift; path = LoginViewController.swift; sourceTree = "<group>"; };
		CAFECF071AEEA61500600ED1 /* Base */ = {isa = PBXFileReference; lastKnownFileType = file.storyboard; name = Base; path = Base.lproj/Main.storyboard; sourceTree = "<group>"; };
		CAFECF091AEEA61500600ED1 /* Images.xcassets */ = {isa = PBXFileReference; lastKnownFileType = folder.assetcatalog; path = Images.xcassets; sourceTree = "<group>"; };
		CAFECF0C1AEEA61500600ED1 /* Base */ = {isa = PBXFileReference; lastKnownFileType = file.xib; name = Base; path = Base.lproj/LaunchScreen.xib; sourceTree = "<group>"; };
		CAFECF121AEEA61500600ED1 /* MackHubTests.xctest */ = {isa = PBXFileReference; explicitFileType = wrapper.cfbundle; includeInIndex = 0; path = MackHubTests.xctest; sourceTree = BUILT_PRODUCTS_DIR; };
		CAFECF171AEEA61500600ED1 /* Info.plist */ = {isa = PBXFileReference; lastKnownFileType = text.plist.xml; path = Info.plist; sourceTree = "<group>"; };
		CAFECF181AEEA61500600ED1 /* MackHubTests.swift */ = {isa = PBXFileReference; lastKnownFileType = sourcecode.swift; path = MackHubTests.swift; sourceTree = "<group>"; };
		CAFECF2A1AEEC1FA00600ED1 /* RepositoriesTableViewController.swift */ = {isa = PBXFileReference; fileEncoding = 4; lastKnownFileType = sourcecode.swift; path = RepositoriesTableViewController.swift; sourceTree = "<group>"; };
		D57540991AF2B350003FCA42 /* LabelManager.swift */ = {isa = PBXFileReference; fileEncoding = 4; lastKnownFileType = sourcecode.swift; path = LabelManager.swift; sourceTree = "<group>"; };
		D5785E791AF265B70043EDE3 /* LabelsViewController.swift */ = {isa = PBXFileReference; fileEncoding = 4; lastKnownFileType = sourcecode.swift; path = LabelsViewController.swift; sourceTree = "<group>"; };
/* End PBXFileReference section */

/* Begin PBXFrameworksBuildPhase section */
		CAFECEF71AEEA61500600ED1 /* Frameworks */ = {
			isa = PBXFrameworksBuildPhase;
			buildActionMask = 2147483647;
			files = (
				7E98803B1AEECB72004059F4 /* CoreData.framework in Frameworks */,
			);
			runOnlyForDeploymentPostprocessing = 0;
		};
		CAFECF0F1AEEA61500600ED1 /* Frameworks */ = {
			isa = PBXFrameworksBuildPhase;
			buildActionMask = 2147483647;
			files = (
			);
			runOnlyForDeploymentPostprocessing = 0;
		};
/* End PBXFrameworksBuildPhase section */

/* Begin PBXGroup section */
		7E98803C1AEECB8C004059F4 /* Core Data */ = {
			isa = PBXGroup;
			children = (
				CAFECF011AEEA61500600ED1 /* MackHub.xcdatamodeld */,
				7ECF80501AF161A600F02D73 /* RepositoryManager.swift */,
				7E98803F1AEECF4C004059F4 /* PullRequestManager.swift */,
				D57540991AF2B350003FCA42 /* LabelManager.swift */,
			);
			name = "Core Data";
			sourceTree = "<group>";
		};
		7EBA3CC91AEEAE11002A1E2B /* Views */ = {
			isa = PBXGroup;
			children = (
				CAFECF041AEEA61500600ED1 /* LoginViewController.swift */,
				CAFECF2A1AEEC1FA00600ED1 /* RepositoriesTableViewController.swift */,
				CA4F31631AF159A8005414EF /* RepositoriesTableViewCell.swift */,
				D5785E791AF265B70043EDE3 /* LabelsViewController.swift */,
			);
			name = Views;
			sourceTree = "<group>";
		};
		7EBA3CCA1AEEAE98002A1E2B /* Entities */ = {
			isa = PBXGroup;
			children = (
				7EBA3CCB1AEEB324002A1E2B /* GitHubManager.swift */,
				7ECF804C1AF1551500F02D73 /* Repository.swift */,
				7E9880381AEEC730004059F4 /* PullRequest.swift */,
				7ECF804E1AF1598000F02D73 /* Label.swift */,
			);
			name = Entities;
			sourceTree = "<group>";
		};
		CAFECEF11AEEA61500600ED1 = {
			isa = PBXGroup;
			children = (
				7E98803A1AEECB72004059F4 /* CoreData.framework */,
				CAFECEFC1AEEA61500600ED1 /* MackHub */,
				CAFECF151AEEA61500600ED1 /* MackHubTests */,
				CAFECEFB1AEEA61500600ED1 /* Products */,
			);
			sourceTree = "<group>";
		};
		CAFECEFB1AEEA61500600ED1 /* Products */ = {
			isa = PBXGroup;
			children = (
				CAFECEFA1AEEA61500600ED1 /* MackHub.app */,
				CAFECF121AEEA61500600ED1 /* MackHubTests.xctest */,
			);
			name = Products;
			sourceTree = "<group>";
		};
		CAFECEFC1AEEA61500600ED1 /* MackHub */ = {
			isa = PBXGroup;
			children = (
				7E98803C1AEECB8C004059F4 /* Core Data */,
				7EBA3CCA1AEEAE98002A1E2B /* Entities */,
				7EBA3CC91AEEAE11002A1E2B /* Views */,
				CAFECEFF1AEEA61500600ED1 /* AppDelegate.swift */,
				CAFECF091AEEA61500600ED1 /* Images.xcassets */,
				CAFECF0B1AEEA61500600ED1 /* LaunchScreen.xib */,
				CAFECEFD1AEEA61500600ED1 /* Supporting Files */,
			);
			path = MackHub;
			sourceTree = "<group>";
		};
		CAFECEFD1AEEA61500600ED1 /* Supporting Files */ = {
			isa = PBXGroup;
			children = (
				CAFECF061AEEA61500600ED1 /* Main.storyboard */,
				CAFECEFE1AEEA61500600ED1 /* Info.plist */,
			);
			name = "Supporting Files";
			sourceTree = "<group>";
		};
		CAFECF151AEEA61500600ED1 /* MackHubTests */ = {
			isa = PBXGroup;
			children = (
				CAFECF181AEEA61500600ED1 /* MackHubTests.swift */,
				CAFECF161AEEA61500600ED1 /* Supporting Files */,
			);
			path = MackHubTests;
			sourceTree = "<group>";
		};
		CAFECF161AEEA61500600ED1 /* Supporting Files */ = {
			isa = PBXGroup;
			children = (
				CAFECF171AEEA61500600ED1 /* Info.plist */,
			);
			name = "Supporting Files";
			sourceTree = "<group>";
		};
/* End PBXGroup section */

/* Begin PBXNativeTarget section */
		CAFECEF91AEEA61500600ED1 /* MackHub */ = {
			isa = PBXNativeTarget;
			buildConfigurationList = CAFECF1C1AEEA61500600ED1 /* Build configuration list for PBXNativeTarget "MackHub" */;
			buildPhases = (
				CAFECEF61AEEA61500600ED1 /* Sources */,
				CAFECEF71AEEA61500600ED1 /* Frameworks */,
				CAFECEF81AEEA61500600ED1 /* Resources */,
			);
			buildRules = (
			);
			dependencies = (
			);
			name = MackHub;
			productName = MackHub;
			productReference = CAFECEFA1AEEA61500600ED1 /* MackHub.app */;
			productType = "com.apple.product-type.application";
		};
		CAFECF111AEEA61500600ED1 /* MackHubTests */ = {
			isa = PBXNativeTarget;
			buildConfigurationList = CAFECF1F1AEEA61500600ED1 /* Build configuration list for PBXNativeTarget "MackHubTests" */;
			buildPhases = (
				CAFECF0E1AEEA61500600ED1 /* Sources */,
				CAFECF0F1AEEA61500600ED1 /* Frameworks */,
				CAFECF101AEEA61500600ED1 /* Resources */,
			);
			buildRules = (
			);
			dependencies = (
				CAFECF141AEEA61500600ED1 /* PBXTargetDependency */,
			);
			name = MackHubTests;
			productName = MackHubTests;
			productReference = CAFECF121AEEA61500600ED1 /* MackHubTests.xctest */;
			productType = "com.apple.product-type.bundle.unit-test";
		};
/* End PBXNativeTarget section */

/* Begin PBXProject section */
		CAFECEF21AEEA61500600ED1 /* Project object */ = {
			isa = PBXProject;
			attributes = {
				LastUpgradeCheck = 0630;
				ORGANIZATIONNAME = "Rafael Fernandes de Oliveira Carvalho";
				TargetAttributes = {
					CAFECEF91AEEA61500600ED1 = {
						CreatedOnToolsVersion = 6.3.1;
					};
					CAFECF111AEEA61500600ED1 = {
						CreatedOnToolsVersion = 6.3.1;
						TestTargetID = CAFECEF91AEEA61500600ED1;
					};
				};
			};
			buildConfigurationList = CAFECEF51AEEA61500600ED1 /* Build configuration list for PBXProject "MackHub" */;
			compatibilityVersion = "Xcode 3.2";
			developmentRegion = English;
			hasScannedForEncodings = 0;
			knownRegions = (
				en,
				Base,
			);
			mainGroup = CAFECEF11AEEA61500600ED1;
			productRefGroup = CAFECEFB1AEEA61500600ED1 /* Products */;
			projectDirPath = "";
			projectRoot = "";
			targets = (
				CAFECEF91AEEA61500600ED1 /* MackHub */,
				CAFECF111AEEA61500600ED1 /* MackHubTests */,
			);
		};
/* End PBXProject section */

/* Begin PBXResourcesBuildPhase section */
		CAFECEF81AEEA61500600ED1 /* Resources */ = {
			isa = PBXResourcesBuildPhase;
			buildActionMask = 2147483647;
			files = (
				CAFECF081AEEA61500600ED1 /* Main.storyboard in Resources */,
				CAFECF0D1AEEA61500600ED1 /* LaunchScreen.xib in Resources */,
				CAFECF0A1AEEA61500600ED1 /* Images.xcassets in Resources */,
			);
			runOnlyForDeploymentPostprocessing = 0;
		};
		CAFECF101AEEA61500600ED1 /* Resources */ = {
			isa = PBXResourcesBuildPhase;
			buildActionMask = 2147483647;
			files = (
			);
			runOnlyForDeploymentPostprocessing = 0;
		};
/* End PBXResourcesBuildPhase section */

/* Begin PBXSourcesBuildPhase section */
		CAFECEF61AEEA61500600ED1 /* Sources */ = {
			isa = PBXSourcesBuildPhase;
			buildActionMask = 2147483647;
			files = (
				7E9880391AEEC730004059F4 /* PullRequest.swift in Sources */,
				CAFECF051AEEA61500600ED1 /* LoginViewController.swift in Sources */,
				CAFECF001AEEA61500600ED1 /* AppDelegate.swift in Sources */,
				D575409A1AF2B350003FCA42 /* LabelManager.swift in Sources */,
				D5785E7A1AF265B70043EDE3 /* LabelsViewController.swift in Sources */,
				7ECF804D1AF1551500F02D73 /* Repository.swift in Sources */,
				7E9880401AEECF4C004059F4 /* PullRequestManager.swift in Sources */,
				7ECF804F1AF1598000F02D73 /* Label.swift in Sources */,
				CAFECF031AEEA61500600ED1 /* MackHub.xcdatamodeld in Sources */,
				7EBA3CCC1AEEB324002A1E2B /* GitHubManager.swift in Sources */,
				CA4F31641AF159A8005414EF /* RepositoriesTableViewCell.swift in Sources */,
				CAFECF2B1AEEC1FA00600ED1 /* RepositoriesTableViewController.swift in Sources */,
				7ECF80511AF161A600F02D73 /* RepositoryManager.swift in Sources */,
			);
			runOnlyForDeploymentPostprocessing = 0;
		};
		CAFECF0E1AEEA61500600ED1 /* Sources */ = {
			isa = PBXSourcesBuildPhase;
			buildActionMask = 2147483647;
			files = (
				CAFECF191AEEA61500600ED1 /* MackHubTests.swift in Sources */,
			);
			runOnlyForDeploymentPostprocessing = 0;
		};
/* End PBXSourcesBuildPhase section */

/* Begin PBXTargetDependency section */
		CAFECF141AEEA61500600ED1 /* PBXTargetDependency */ = {
			isa = PBXTargetDependency;
			target = CAFECEF91AEEA61500600ED1 /* MackHub */;
			targetProxy = CAFECF131AEEA61500600ED1 /* PBXContainerItemProxy */;
		};
/* End PBXTargetDependency section */

/* Begin PBXVariantGroup section */
		CAFECF061AEEA61500600ED1 /* Main.storyboard */ = {
			isa = PBXVariantGroup;
			children = (
				CAFECF071AEEA61500600ED1 /* Base */,
			);
			name = Main.storyboard;
			sourceTree = "<group>";
		};
		CAFECF0B1AEEA61500600ED1 /* LaunchScreen.xib */ = {
			isa = PBXVariantGroup;
			children = (
				CAFECF0C1AEEA61500600ED1 /* Base */,
			);
			name = LaunchScreen.xib;
			sourceTree = "<group>";
		};
/* End PBXVariantGroup section */

/* Begin XCBuildConfiguration section */
		CAFECF1A1AEEA61500600ED1 /* Debug */ = {
			isa = XCBuildConfiguration;
			buildSettings = {
				ALWAYS_SEARCH_USER_PATHS = NO;
				CLANG_CXX_LANGUAGE_STANDARD = "gnu++0x";
				CLANG_CXX_LIBRARY = "libc++";
				CLANG_ENABLE_MODULES = YES;
				CLANG_ENABLE_OBJC_ARC = YES;
				CLANG_WARN_BOOL_CONVERSION = YES;
				CLANG_WARN_CONSTANT_CONVERSION = YES;
				CLANG_WARN_DIRECT_OBJC_ISA_USAGE = YES_ERROR;
				CLANG_WARN_EMPTY_BODY = YES;
				CLANG_WARN_ENUM_CONVERSION = YES;
				CLANG_WARN_INT_CONVERSION = YES;
				CLANG_WARN_OBJC_ROOT_CLASS = YES_ERROR;
				CLANG_WARN_UNREACHABLE_CODE = YES;
				CLANG_WARN__DUPLICATE_METHOD_MATCH = YES;
				"CODE_SIGN_IDENTITY[sdk=iphoneos*]" = "iPhone Developer";
				COPY_PHASE_STRIP = NO;
				DEBUG_INFORMATION_FORMAT = "dwarf-with-dsym";
				ENABLE_STRICT_OBJC_MSGSEND = YES;
				GCC_C_LANGUAGE_STANDARD = gnu99;
				GCC_DYNAMIC_NO_PIC = NO;
				GCC_NO_COMMON_BLOCKS = YES;
				GCC_OPTIMIZATION_LEVEL = 0;
				GCC_PREPROCESSOR_DEFINITIONS = (
					"DEBUG=1",
					"$(inherited)",
				);
				GCC_SYMBOLS_PRIVATE_EXTERN = NO;
				GCC_WARN_64_TO_32_BIT_CONVERSION = YES;
				GCC_WARN_ABOUT_RETURN_TYPE = YES_ERROR;
				GCC_WARN_UNDECLARED_SELECTOR = YES;
				GCC_WARN_UNINITIALIZED_AUTOS = YES_AGGRESSIVE;
				GCC_WARN_UNUSED_FUNCTION = YES;
				GCC_WARN_UNUSED_VARIABLE = YES;
				IPHONEOS_DEPLOYMENT_TARGET = 8.3;
				MTL_ENABLE_DEBUG_INFO = YES;
				ONLY_ACTIVE_ARCH = YES;
				SDKROOT = iphoneos;
				SWIFT_OPTIMIZATION_LEVEL = "-Onone";
				TARGETED_DEVICE_FAMILY = "1,2";
			};
			name = Debug;
		};
		CAFECF1B1AEEA61500600ED1 /* Release */ = {
			isa = XCBuildConfiguration;
			buildSettings = {
				ALWAYS_SEARCH_USER_PATHS = NO;
				CLANG_CXX_LANGUAGE_STANDARD = "gnu++0x";
				CLANG_CXX_LIBRARY = "libc++";
				CLANG_ENABLE_MODULES = YES;
				CLANG_ENABLE_OBJC_ARC = YES;
				CLANG_WARN_BOOL_CONVERSION = YES;
				CLANG_WARN_CONSTANT_CONVERSION = YES;
				CLANG_WARN_DIRECT_OBJC_ISA_USAGE = YES_ERROR;
				CLANG_WARN_EMPTY_BODY = YES;
				CLANG_WARN_ENUM_CONVERSION = YES;
				CLANG_WARN_INT_CONVERSION = YES;
				CLANG_WARN_OBJC_ROOT_CLASS = YES_ERROR;
				CLANG_WARN_UNREACHABLE_CODE = YES;
				CLANG_WARN__DUPLICATE_METHOD_MATCH = YES;
				"CODE_SIGN_IDENTITY[sdk=iphoneos*]" = "iPhone Developer";
				COPY_PHASE_STRIP = NO;
				DEBUG_INFORMATION_FORMAT = "dwarf-with-dsym";
				ENABLE_NS_ASSERTIONS = NO;
				ENABLE_STRICT_OBJC_MSGSEND = YES;
				GCC_C_LANGUAGE_STANDARD = gnu99;
				GCC_NO_COMMON_BLOCKS = YES;
				GCC_WARN_64_TO_32_BIT_CONVERSION = YES;
				GCC_WARN_ABOUT_RETURN_TYPE = YES_ERROR;
				GCC_WARN_UNDECLARED_SELECTOR = YES;
				GCC_WARN_UNINITIALIZED_AUTOS = YES_AGGRESSIVE;
				GCC_WARN_UNUSED_FUNCTION = YES;
				GCC_WARN_UNUSED_VARIABLE = YES;
				IPHONEOS_DEPLOYMENT_TARGET = 8.3;
				MTL_ENABLE_DEBUG_INFO = NO;
				SDKROOT = iphoneos;
				TARGETED_DEVICE_FAMILY = "1,2";
				VALIDATE_PRODUCT = YES;
			};
			name = Release;
		};
		CAFECF1D1AEEA61500600ED1 /* Debug */ = {
			isa = XCBuildConfiguration;
			buildSettings = {
				ASSETCATALOG_COMPILER_APPICON_NAME = AppIcon;
				INFOPLIST_FILE = MackHub/Info.plist;
				LD_RUNPATH_SEARCH_PATHS = "$(inherited) @executable_path/Frameworks";
				PRODUCT_NAME = "$(TARGET_NAME)";
			};
			name = Debug;
		};
		CAFECF1E1AEEA61500600ED1 /* Release */ = {
			isa = XCBuildConfiguration;
			buildSettings = {
				ASSETCATALOG_COMPILER_APPICON_NAME = AppIcon;
				INFOPLIST_FILE = MackHub/Info.plist;
				LD_RUNPATH_SEARCH_PATHS = "$(inherited) @executable_path/Frameworks";
				PRODUCT_NAME = "$(TARGET_NAME)";
			};
			name = Release;
		};
		CAFECF201AEEA61500600ED1 /* Debug */ = {
			isa = XCBuildConfiguration;
			buildSettings = {
				BUNDLE_LOADER = "$(TEST_HOST)";
				FRAMEWORK_SEARCH_PATHS = (
					"$(SDKROOT)/Developer/Library/Frameworks",
					"$(inherited)",
				);
				GCC_PREPROCESSOR_DEFINITIONS = (
					"DEBUG=1",
					"$(inherited)",
				);
				INFOPLIST_FILE = MackHubTests/Info.plist;
				LD_RUNPATH_SEARCH_PATHS = "$(inherited) @executable_path/Frameworks @loader_path/Frameworks";
				PRODUCT_NAME = "$(TARGET_NAME)";
				TEST_HOST = "$(BUILT_PRODUCTS_DIR)/MackHub.app/MackHub";
			};
			name = Debug;
		};
		CAFECF211AEEA61500600ED1 /* Release */ = {
			isa = XCBuildConfiguration;
			buildSettings = {
				BUNDLE_LOADER = "$(TEST_HOST)";
				FRAMEWORK_SEARCH_PATHS = (
					"$(SDKROOT)/Developer/Library/Frameworks",
					"$(inherited)",
				);
				INFOPLIST_FILE = MackHubTests/Info.plist;
				LD_RUNPATH_SEARCH_PATHS = "$(inherited) @executable_path/Frameworks @loader_path/Frameworks";
				PRODUCT_NAME = "$(TARGET_NAME)";
				TEST_HOST = "$(BUILT_PRODUCTS_DIR)/MackHub.app/MackHub";
			};
			name = Release;
		};
/* End XCBuildConfiguration section */

/* Begin XCConfigurationList section */
		CAFECEF51AEEA61500600ED1 /* Build configuration list for PBXProject "MackHub" */ = {
			isa = XCConfigurationList;
			buildConfigurations = (
				CAFECF1A1AEEA61500600ED1 /* Debug */,
				CAFECF1B1AEEA61500600ED1 /* Release */,
			);
			defaultConfigurationIsVisible = 0;
			defaultConfigurationName = Release;
		};
		CAFECF1C1AEEA61500600ED1 /* Build configuration list for PBXNativeTarget "MackHub" */ = {
			isa = XCConfigurationList;
			buildConfigurations = (
				CAFECF1D1AEEA61500600ED1 /* Debug */,
				CAFECF1E1AEEA61500600ED1 /* Release */,
			);
			defaultConfigurationIsVisible = 0;
			defaultConfigurationName = Release;
		};
		CAFECF1F1AEEA61500600ED1 /* Build configuration list for PBXNativeTarget "MackHubTests" */ = {
			isa = XCConfigurationList;
			buildConfigurations = (
				CAFECF201AEEA61500600ED1 /* Debug */,
				CAFECF211AEEA61500600ED1 /* Release */,
			);
			defaultConfigurationIsVisible = 0;
			defaultConfigurationName = Release;
		};
/* End XCConfigurationList section */

/* Begin XCVersionGroup section */
		CAFECF011AEEA61500600ED1 /* MackHub.xcdatamodeld */ = {
			isa = XCVersionGroup;
			children = (
				CAFECF021AEEA61500600ED1 /* MackHub.xcdatamodel */,
			);
			currentVersion = CAFECF021AEEA61500600ED1 /* MackHub.xcdatamodel */;
			path = MackHub.xcdatamodeld;
			sourceTree = "<group>";
			versionGroupType = wrapper.xcdatamodel;
		};
/* End XCVersionGroup section */
	};
	rootObject = CAFECEF21AEEA61500600ED1 /* Project object */;
}
